
Microsoft Visual Studio Solution File, Format Version 12.00
# Visual Studio Version 17
VisualStudioVersion = 17.4.33103.184
MinimumVisualStudioVersion = 10.0.40219.1
Project("{FAE04EC0-301F-11D3-BF4B-00C04F79EFBC}") = "Lumia", "Lumia.csproj", "{F65C9A6D-B71A-4F10-ADB7-6ED15805AED2}"
EndProject
Global
	GlobalSection(SolutionConfigurationPlatforms) = preSolution
		Debug|Any CPU = Debug|Any CPU
		Release|Any CPU = Release|Any CPU
	EndGlobalSection
	GlobalSection(ProjectConfigurationPlatforms) = postSolution
		{F65C9A6D-B71A-4F10-ADB7-6ED15805AED2}.Debug|Any CPU.ActiveCfg = Debug|Any CPU
		{F65C9A6D-B71A-4F10-ADB7-6ED15805AED2}.Debug|Any CPU.Build.0 = Debug|Any CPU
		{F65C9A6D-B71A-4F10-ADB7-6ED15805AED2}.Release|Any CPU.ActiveCfg = Release|Any CPU
		{F65C9A6D-B71A-4F10-ADB7-6ED15805AED2}.Release|Any CPU.Build.0 = Release|Any CPU
	EndGlobalSection
	GlobalSection(SolutionProperties) = preSolution
		HideSolutionNode = FALSE
	EndGlobalSection
	GlobalSection(ExtensibilityGlobals) = postSolution
		SolutionGuid = {30D1B403-DC55-4C96-9C61-4CB4BDC348AF}
	EndGlobalSection
EndGlobal
